
Microsoft Visual Studio Solution File, Format Version 12.00
# Visual Studio Version 16
VisualStudioVersion = 16.0.30523.141
MinimumVisualStudioVersion = 10.0.40219.1
Project("{FAE04EC0-301F-11D3-BF4B-00C04F79EFBC}") = "Lab5", "Lab5.csproj", "{984D6279-AAB3-47B3-9FCB-646329139F12}"
EndProject
Global
	GlobalSection(SolutionConfigurationPlatforms) = preSolution
		Debug|Any CPU = Debug|Any CPU
		Release|Any CPU = Release|Any CPU
	EndGlobalSection
	GlobalSection(ProjectConfigurationPlatforms) = postSolution
		{984D6279-AAB3-47B3-9FCB-646329139F12}.Debug|Any CPU.ActiveCfg = Debug|Any CPU
		{984D6279-AAB3-47B3-9FCB-646329139F12}.Debug|Any CPU.Build.0 = Debug|Any CPU
		{984D6279-AAB3-47B3-9FCB-646329139F12}.Release|Any CPU.ActiveCfg = Release|Any CPU
		{984D6279-AAB3-47B3-9FCB-646329139F12}.Release|Any CPU.Build.0 = Release|Any CPU
	EndGlobalSection
	GlobalSection(SolutionProperties) = preSolution
		HideSolutionNode = FALSE
	EndGlobalSection
	GlobalSection(ExtensibilityGlobals) = postSolution
		SolutionGuid = {88BE6DDC-503B-4A9A-8509-2E44C2626C88}
	EndGlobalSection
EndGlobal
